// !$*UTF8*$!
{
	archiveVersion = 1;
	classes = {
	};
	objectVersion = 56;
	objects = {

/* Begin PBXBuildFile section */
		F02B94132C4FFFC600D3A80E /* Enemy.swift in Sources */ = {isa = PBXBuildFile; fileRef = F02B94122C4FFFC600D3A80E /* Enemy.swift */; };
		F02B94152C5000D800D3A80E /* Enemy_1.atlas in Resources */ = {isa = PBXBuildFile; fileRef = F02B94142C5000D800D3A80E /* Enemy_1.atlas */; };
		F02B94172C51473900D3A80E /* Enemy_2.atlas in Resources */ = {isa = PBXBuildFile; fileRef = F02B94162C51473900D3A80E /* Enemy_2.atlas */; };
		F05448E52C2DAFA4003950CD /* AppDelegate.swift in Sources */ = {isa = PBXBuildFile; fileRef = F05448E42C2DAFA4003950CD /* AppDelegate.swift */; };
		F05448EB2C2DAFA4003950CD /* GameScene.swift in Sources */ = {isa = PBXBuildFile; fileRef = F05448EA2C2DAFA4003950CD /* GameScene.swift */; };
		F05448ED2C2DAFA4003950CD /* GameViewController.swift in Sources */ = {isa = PBXBuildFile; fileRef = F05448EC2C2DAFA4003950CD /* GameViewController.swift */; };
		F05448F02C2DAFA4003950CD /* Main.storyboard in Resources */ = {isa = PBXBuildFile; fileRef = F05448EE2C2DAFA4003950CD /* Main.storyboard */; };
		F05448F22C2DAFA5003950CD /* Assets.xcassets in Resources */ = {isa = PBXBuildFile; fileRef = F05448F12C2DAFA5003950CD /* Assets.xcassets */; };
		F05448F52C2DAFA5003950CD /* LaunchScreen.storyboard in Resources */ = {isa = PBXBuildFile; fileRef = F05448F32C2DAFA5003950CD /* LaunchScreen.storyboard */; };
		F0584A042C3FECDA007E1BE0 /* IGameBackgroundSpritable+Exstension.swift in Sources */ = {isa = PBXBuildFile; fileRef = F0584A032C3FECDA007E1BE0 /* IGameBackgroundSpritable+Exstension.swift */; };
		F08A19722C34269500432FFA /* Background.swift in Sources */ = {isa = PBXBuildFile; fileRef = F08A19712C34269500432FFA /* Background.swift */; };
		F08A19742C3593EA00432FFA /* Island.swift in Sources */ = {isa = PBXBuildFile; fileRef = F08A19732C3593EA00432FFA /* Island.swift */; };
		F0B26FD02C4968CB003DA27A /* PowerUp.swift in Sources */ = {isa = PBXBuildFile; fileRef = F0B26FCF2C4968CB003DA27A /* PowerUp.swift */; };
		F0B26FD22C496D69003DA27A /* GreenPowerUp.atlas in Resources */ = {isa = PBXBuildFile; fileRef = F0B26FD12C496D69003DA27A /* GreenPowerUp.atlas */; };
		F0D090092C3BE61D005A2634 /* PlayerPlane.swift in Sources */ = {isa = PBXBuildFile; fileRef = F0D090082C3BE61D005A2634 /* PlayerPlane.swift */; };
		F0D0900B2C3BEA22005A2634 /* PlayerPlane.atlas in Resources */ = {isa = PBXBuildFile; fileRef = F0D0900A2C3BEA22005A2634 /* PlayerPlane.atlas */; };
		F0E047212C36F57900C123AD /* Cloud.swift in Sources */ = {isa = PBXBuildFile; fileRef = F0E047202C36F57900C123AD /* Cloud.swift */; };
/* End PBXBuildFile section */

/* Begin PBXFileReference section */
		F02B94122C4FFFC600D3A80E /* Enemy.swift */ = {isa = PBXFileReference; lastKnownFileType = sourcecode.swift; path = Enemy.swift; sourceTree = "<group>"; };
		F02B94142C5000D800D3A80E /* Enemy_1.atlas */ = {isa = PBXFileReference; lastKnownFileType = folder.skatlas; path = Enemy_1.atlas; sourceTree = "<group>"; };
		F02B94162C51473900D3A80E /* Enemy_2.atlas */ = {isa = PBXFileReference; lastKnownFileType = folder.skatlas; path = Enemy_2.atlas; sourceTree = "<group>"; };
		F05448E12C2DAFA4003950CD /* WarFly.app */ = {isa = PBXFileReference; explicitFileType = wrapper.application; includeInIndex = 0; path = WarFly.app; sourceTree = BUILT_PRODUCTS_DIR; };
		F05448E42C2DAFA4003950CD /* AppDelegate.swift */ = {isa = PBXFileReference; lastKnownFileType = sourcecode.swift; path = AppDelegate.swift; sourceTree = "<group>"; };
		F05448EA2C2DAFA4003950CD /* GameScene.swift */ = {isa = PBXFileReference; lastKnownFileType = sourcecode.swift; path = GameScene.swift; sourceTree = "<group>"; };
		F05448EC2C2DAFA4003950CD /* GameViewController.swift */ = {isa = PBXFileReference; lastKnownFileType = sourcecode.swift; path = GameViewController.swift; sourceTree = "<group>"; };
		F05448EF2C2DAFA4003950CD /* Base */ = {isa = PBXFileReference; lastKnownFileType = file.storyboard; name = Base; path = Base.lproj/Main.storyboard; sourceTree = "<group>"; };
		F05448F12C2DAFA5003950CD /* Assets.xcassets */ = {isa = PBXFileReference; lastKnownFileType = folder.assetcatalog; path = Assets.xcassets; sourceTree = "<group>"; };
		F05448F42C2DAFA5003950CD /* Base */ = {isa = PBXFileReference; lastKnownFileType = file.storyboard; name = Base; path = Base.lproj/LaunchScreen.storyboard; sourceTree = "<group>"; };
		F0584A032C3FECDA007E1BE0 /* IGameBackgroundSpritable+Exstension.swift */ = {isa = PBXFileReference; lastKnownFileType = sourcecode.swift; path = "IGameBackgroundSpritable+Exstension.swift"; sourceTree = "<group>"; };
		F08A19712C34269500432FFA /* Background.swift */ = {isa = PBXFileReference; lastKnownFileType = sourcecode.swift; path = Background.swift; sourceTree = "<group>"; };
		F08A19732C3593EA00432FFA /* Island.swift */ = {isa = PBXFileReference; lastKnownFileType = sourcecode.swift; path = Island.swift; sourceTree = "<group>"; };
		F0B26FCF2C4968CB003DA27A /* PowerUp.swift */ = {isa = PBXFileReference; lastKnownFileType = sourcecode.swift; path = PowerUp.swift; sourceTree = "<group>"; };
		F0B26FD12C496D69003DA27A /* GreenPowerUp.atlas */ = {isa = PBXFileReference; lastKnownFileType = folder.skatlas; path = GreenPowerUp.atlas; sourceTree = "<group>"; };
		F0D090082C3BE61D005A2634 /* PlayerPlane.swift */ = {isa = PBXFileReference; lastKnownFileType = sourcecode.swift; path = PlayerPlane.swift; sourceTree = "<group>"; };
		F0D0900A2C3BEA22005A2634 /* PlayerPlane.atlas */ = {isa = PBXFileReference; lastKnownFileType = folder.skatlas; path = PlayerPlane.atlas; sourceTree = "<group>"; };
		F0E047202C36F57900C123AD /* Cloud.swift */ = {isa = PBXFileReference; lastKnownFileType = sourcecode.swift; path = Cloud.swift; sourceTree = "<group>"; };
/* End PBXFileReference section */

/* Begin PBXFrameworksBuildPhase section */
		F05448DE2C2DAFA4003950CD /* Frameworks */ = {
			isa = PBXFrameworksBuildPhase;
			buildActionMask = 2147483647;
			files = (
			);
			runOnlyForDeploymentPostprocessing = 0;
		};
/* End PBXFrameworksBuildPhase section */

/* Begin PBXGroup section */
		F05448D82C2DAFA4003950CD = {
			isa = PBXGroup;
			children = (
				F05448E32C2DAFA4003950CD /* WarFly */,
				F05448E22C2DAFA4003950CD /* Products */,
			);
			sourceTree = "<group>";
		};
		F05448E22C2DAFA4003950CD /* Products */ = {
			isa = PBXGroup;
			children = (
				F05448E12C2DAFA4003950CD /* WarFly.app */,
			);
			name = Products;
			sourceTree = "<group>";
		};
		F05448E32C2DAFA4003950CD /* WarFly */ = {
			isa = PBXGroup;
			children = (
				F05448E42C2DAFA4003950CD /* AppDelegate.swift */,
				F05448EA2C2DAFA4003950CD /* GameScene.swift */,
				F0D090082C3BE61D005A2634 /* PlayerPlane.swift */,
				F02B94122C4FFFC600D3A80E /* Enemy.swift */,
				F0B26FCF2C4968CB003DA27A /* PowerUp.swift */,
				F08A19732C3593EA00432FFA /* Island.swift */,
				F0E047202C36F57900C123AD /* Cloud.swift */,
				F0584A032C3FECDA007E1BE0 /* IGameBackgroundSpritable+Exstension.swift */,
				F05448EC2C2DAFA4003950CD /* GameViewController.swift */,
				F05448EE2C2DAFA4003950CD /* Main.storyboard */,
				F05448F12C2DAFA5003950CD /* Assets.xcassets */,
				F08A19712C34269500432FFA /* Background.swift */,
				F05448F32C2DAFA5003950CD /* LaunchScreen.storyboard */,
				F0B26FD12C496D69003DA27A /* GreenPowerUp.atlas */,
				F0D0900A2C3BEA22005A2634 /* PlayerPlane.atlas */,
				F02B94142C5000D800D3A80E /* Enemy_1.atlas */,
				F02B94162C51473900D3A80E /* Enemy_2.atlas */,
			);
			path = WarFly;
			sourceTree = "<group>";
		};
/* End PBXGroup section */

/* Begin PBXNativeTarget section */
		F05448E02C2DAFA4003950CD /* WarFly */ = {
			isa = PBXNativeTarget;
			buildConfigurationList = F05448F82C2DAFA5003950CD /* Build configuration list for PBXNativeTarget "WarFly" */;
			buildPhases = (
				F05448DD2C2DAFA4003950CD /* Sources */,
				F05448DE2C2DAFA4003950CD /* Frameworks */,
				F05448DF2C2DAFA4003950CD /* Resources */,
			);
			buildRules = (
			);
			dependencies = (
			);
			name = WarFly;
			productName = WarFly;
			productReference = F05448E12C2DAFA4003950CD /* WarFly.app */;
			productType = "com.apple.product-type.application";
		};
/* End PBXNativeTarget section */

/* Begin PBXProject section */
		F05448D92C2DAFA4003950CD /* Project object */ = {
			isa = PBXProject;
			attributes = {
				BuildIndependentTargetsInParallel = 1;
				LastSwiftUpdateCheck = 1510;
				LastUpgradeCheck = 1510;
				TargetAttributes = {
					F05448E02C2DAFA4003950CD = {
						CreatedOnToolsVersion = 15.1;
					};
				};
			};
			buildConfigurationList = F05448DC2C2DAFA4003950CD /* Build configuration list for PBXProject "WarFly" */;
			compatibilityVersion = "Xcode 14.0";
			developmentRegion = en;
			hasScannedForEncodings = 0;
			knownRegions = (
				en,
				Base,
			);
			mainGroup = F05448D82C2DAFA4003950CD;
			productRefGroup = F05448E22C2DAFA4003950CD /* Products */;
			projectDirPath = "";
			projectRoot = "";
			targets = (
				F05448E02C2DAFA4003950CD /* WarFly */,
			);
		};
/* End PBXProject section */

/* Begin PBXResourcesBuildPhase section */
		F05448DF2C2DAFA4003950CD /* Resources */ = {
			isa = PBXResourcesBuildPhase;
			buildActionMask = 2147483647;
			files = (
				F02B94172C51473900D3A80E /* Enemy_2.atlas in Resources */,
				F02B94152C5000D800D3A80E /* Enemy_1.atlas in Resources */,
				F05448F02C2DAFA4003950CD /* Main.storyboard in Resources */,
				F0B26FD22C496D69003DA27A /* GreenPowerUp.atlas in Resources */,
				F0D0900B2C3BEA22005A2634 /* PlayerPlane.atlas in Resources */,
				F05448F22C2DAFA5003950CD /* Assets.xcassets in Resources */,
				F05448F52C2DAFA5003950CD /* LaunchScreen.storyboard in Resources */,
			);
			runOnlyForDeploymentPostprocessing = 0;
		};
/* End PBXResourcesBuildPhase section */

/* Begin PBXSourcesBuildPhase section */
		F05448DD2C2DAFA4003950CD /* Sources */ = {
			isa = PBXSourcesBuildPhase;
			buildActionMask = 2147483647;
			files = (
				F0584A042C3FECDA007E1BE0 /* IGameBackgroundSpritable+Exstension.swift in Sources */,
				F05448EB2C2DAFA4003950CD /* GameScene.swift in Sources */,
				F0D090092C3BE61D005A2634 /* PlayerPlane.swift in Sources */,
				F0E047212C36F57900C123AD /* Cloud.swift in Sources */,
				F05448ED2C2DAFA4003950CD /* GameViewController.swift in Sources */,
				F05448E52C2DAFA4003950CD /* AppDelegate.swift in Sources */,
				F02B94132C4FFFC600D3A80E /* Enemy.swift in Sources */,
				F08A19742C3593EA00432FFA /* Island.swift in Sources */,
				F0B26FD02C4968CB003DA27A /* PowerUp.swift in Sources */,
				F08A19722C34269500432FFA /* Background.swift in Sources */,
			);
			runOnlyForDeploymentPostprocessing = 0;
		};
/* End PBXSourcesBuildPhase section */

/* Begin PBXVariantGroup section */
		F05448EE2C2DAFA4003950CD /* Main.storyboard */ = {
			isa = PBXVariantGroup;
			children = (
				F05448EF2C2DAFA4003950CD /* Base */,
			);
			name = Main.storyboard;
			sourceTree = "<group>";
		};
		F05448F32C2DAFA5003950CD /* LaunchScreen.storyboard */ = {
			isa = PBXVariantGroup;
			children = (
				F05448F42C2DAFA5003950CD /* Base */,
			);
			name = LaunchScreen.storyboard;
			sourceTree = "<group>";
		};
/* End PBXVariantGroup section */

/* Begin XCBuildConfiguration section */
		F05448F62C2DAFA5003950CD /* Debug */ = {
			isa = XCBuildConfiguration;
			buildSettings = {
				ALWAYS_SEARCH_USER_PATHS = NO;
				ASSETCATALOG_COMPILER_GENERATE_SWIFT_ASSET_SYMBOL_EXTENSIONS = YES;
				CLANG_ANALYZER_NONNULL = YES;
				CLANG_ANALYZER_NUMBER_OBJECT_CONVERSION = YES_AGGRESSIVE;
				CLANG_CXX_LANGUAGE_STANDARD = "gnu++20";
				CLANG_ENABLE_MODULES = YES;
				CLANG_ENABLE_OBJC_ARC = YES;
				CLANG_ENABLE_OBJC_WEAK = YES;
				CLANG_WARN_BLOCK_CAPTURE_AUTORELEASING = YES;
				CLANG_WARN_BOOL_CONVERSION = YES;
				CLANG_WARN_COMMA = YES;
				CLANG_WARN_CONSTANT_CONVERSION = YES;
				CLANG_WARN_DEPRECATED_OBJC_IMPLEMENTATIONS = YES;
				CLANG_WARN_DIRECT_OBJC_ISA_USAGE = YES_ERROR;
				CLANG_WARN_DOCUMENTATION_COMMENTS = YES;
				CLANG_WARN_EMPTY_BODY = YES;
				CLANG_WARN_ENUM_CONVERSION = YES;
				CLANG_WARN_INFINITE_RECURSION = YES;
				CLANG_WARN_INT_CONVERSION = YES;
				CLANG_WARN_NON_LITERAL_NULL_CONVERSION = YES;
				CLANG_WARN_OBJC_IMPLICIT_RETAIN_SELF = YES;
				CLANG_WARN_OBJC_LITERAL_CONVERSION = YES;
				CLANG_WARN_OBJC_ROOT_CLASS = YES_ERROR;
				CLANG_WARN_QUOTED_INCLUDE_IN_FRAMEWORK_HEADER = YES;
				CLANG_WARN_RANGE_LOOP_ANALYSIS = YES;
				CLANG_WARN_STRICT_PROTOTYPES = YES;
				CLANG_WARN_SUSPICIOUS_MOVE = YES;
				CLANG_WARN_UNGUARDED_AVAILABILITY = YES_AGGRESSIVE;
				CLANG_WARN_UNREACHABLE_CODE = YES;
				CLANG_WARN__DUPLICATE_METHOD_MATCH = YES;
				COPY_PHASE_STRIP = NO;
				DEBUG_INFORMATION_FORMAT = dwarf;
				ENABLE_STRICT_OBJC_MSGSEND = YES;
				ENABLE_TESTABILITY = YES;
				ENABLE_USER_SCRIPT_SANDBOXING = YES;
				GCC_C_LANGUAGE_STANDARD = gnu17;
				GCC_DYNAMIC_NO_PIC = NO;
				GCC_NO_COMMON_BLOCKS = YES;
				GCC_OPTIMIZATION_LEVEL = 0;
				GCC_PREPROCESSOR_DEFINITIONS = (
					"DEBUG=1",
					"$(inherited)",
				);
				GCC_WARN_64_TO_32_BIT_CONVERSION = YES;
				GCC_WARN_ABOUT_RETURN_TYPE = YES_ERROR;
				GCC_WARN_UNDECLARED_SELECTOR = YES;
				GCC_WARN_UNINITIALIZED_AUTOS = YES_AGGRESSIVE;
				GCC_WARN_UNUSED_FUNCTION = YES;
				GCC_WARN_UNUSED_VARIABLE = YES;
				IPHONEOS_DEPLOYMENT_TARGET = 17.2;
				LOCALIZATION_PREFERS_STRING_CATALOGS = YES;
				MTL_ENABLE_DEBUG_INFO = INCLUDE_SOURCE;
				MTL_FAST_MATH = YES;
				ONLY_ACTIVE_ARCH = YES;
				SDKROOT = iphoneos;
				SWIFT_ACTIVE_COMPILATION_CONDITIONS = "DEBUG $(inherited)";
				SWIFT_OPTIMIZATION_LEVEL = "-Onone";
			};
			name = Debug;
		};
		F05448F72C2DAFA5003950CD /* Release */ = {
			isa = XCBuildConfiguration;
			buildSettings = {
				ALWAYS_SEARCH_USER_PATHS = NO;
				ASSETCATALOG_COMPILER_GENERATE_SWIFT_ASSET_SYMBOL_EXTENSIONS = YES;
				CLANG_ANALYZER_NONNULL = YES;
				CLANG_ANALYZER_NUMBER_OBJECT_CONVERSION = YES_AGGRESSIVE;
				CLANG_CXX_LANGUAGE_STANDARD = "gnu++20";
				CLANG_ENABLE_MODULES = YES;
				CLANG_ENABLE_OBJC_ARC = YES;
				CLANG_ENABLE_OBJC_WEAK = YES;
				CLANG_WARN_BLOCK_CAPTURE_AUTORELEASING = YES;
				CLANG_WARN_BOOL_CONVERSION = YES;
				CLANG_WARN_COMMA = YES;
				CLANG_WARN_CONSTANT_CONVERSION = YES;
				CLANG_WARN_DEPRECATED_OBJC_IMPLEMENTATIONS = YES;
				CLANG_WARN_DIRECT_OBJC_ISA_USAGE = YES_ERROR;
				CLANG_WARN_DOCUMENTATION_COMMENTS = YES;
				CLANG_WARN_EMPTY_BODY = YES;
				CLANG_WARN_ENUM_CONVERSION = YES;
				CLANG_WARN_INFINITE_RECURSION = YES;
				CLANG_WARN_INT_CONVERSION = YES;
				CLANG_WARN_NON_LITERAL_NULL_CONVERSION = YES;
				CLANG_WARN_OBJC_IMPLICIT_RETAIN_SELF = YES;
				CLANG_WARN_OBJC_LITERAL_CONVERSION = YES;
				CLANG_WARN_OBJC_ROOT_CLASS = YES_ERROR;
				CLANG_WARN_QUOTED_INCLUDE_IN_FRAMEWORK_HEADER = YES;
				CLANG_WARN_RANGE_LOOP_ANALYSIS = YES;
				CLANG_WARN_STRICT_PROTOTYPES = YES;
				CLANG_WARN_SUSPICIOUS_MOVE = YES;
				CLANG_WARN_UNGUARDED_AVAILABILITY = YES_AGGRESSIVE;
				CLANG_WARN_UNREACHABLE_CODE = YES;
				CLANG_WARN__DUPLICATE_METHOD_MATCH = YES;
				COPY_PHASE_STRIP = NO;
				DEBUG_INFORMATION_FORMAT = "dwarf-with-dsym";
				ENABLE_NS_ASSERTIONS = NO;
				ENABLE_STRICT_OBJC_MSGSEND = YES;
				ENABLE_USER_SCRIPT_SANDBOXING = YES;
				GCC_C_LANGUAGE_STANDARD = gnu17;
				GCC_NO_COMMON_BLOCKS = YES;
				GCC_WARN_64_TO_32_BIT_CONVERSION = YES;
				GCC_WARN_ABOUT_RETURN_TYPE = YES_ERROR;
				GCC_WARN_UNDECLARED_SELECTOR = YES;
				GCC_WARN_UNINITIALIZED_AUTOS = YES_AGGRESSIVE;
				GCC_WARN_UNUSED_FUNCTION = YES;
				GCC_WARN_UNUSED_VARIABLE = YES;
				IPHONEOS_DEPLOYMENT_TARGET = 17.2;
				LOCALIZATION_PREFERS_STRING_CATALOGS = YES;
				MTL_ENABLE_DEBUG_INFO = NO;
				MTL_FAST_MATH = YES;
				SDKROOT = iphoneos;
				SWIFT_COMPILATION_MODE = wholemodule;
				VALIDATE_PRODUCT = YES;
			};
			name = Release;
		};
		F05448F92C2DAFA5003950CD /* Debug */ = {
			isa = XCBuildConfiguration;
			buildSettings = {
				ASSETCATALOG_COMPILER_APPICON_NAME = AppIcon;
				ASSETCATALOG_COMPILER_GLOBAL_ACCENT_COLOR_NAME = AccentColor;
				CODE_SIGN_STYLE = Automatic;
				CURRENT_PROJECT_VERSION = 1;
				DEVELOPMENT_TEAM = 4T6M5D64Z8;
				GENERATE_INFOPLIST_FILE = YES;
				INFOPLIST_KEY_UIApplicationSupportsIndirectInputEvents = YES;
				INFOPLIST_KEY_UILaunchStoryboardName = LaunchScreen;
				INFOPLIST_KEY_UIMainStoryboardFile = Main;
				INFOPLIST_KEY_UIRequiresFullScreen = YES;
				INFOPLIST_KEY_UIStatusBarHidden = YES;
				INFOPLIST_KEY_UIStatusBarStyle = "";
				INFOPLIST_KEY_UISupportedInterfaceOrientations = UIInterfaceOrientationPortrait;
				LD_RUNPATH_SEARCH_PATHS = (
					"$(inherited)",
					"@executable_path/Frameworks",
				);
				MARKETING_VERSION = 1.0;
				PRODUCT_BUNDLE_IDENTIFIER = com.soaringman.WarFly;
				PRODUCT_NAME = "$(TARGET_NAME)";
				SWIFT_EMIT_LOC_STRINGS = YES;
				SWIFT_VERSION = 5.0;
				TARGETED_DEVICE_FAMILY = "1,2";
			};
			name = Debug;
		};
		F05448FA2C2DAFA5003950CD /* Release */ = {
			isa = XCBuildConfiguration;
			buildSettings = {
				ASSETCATALOG_COMPILER_APPICON_NAME = AppIcon;
				ASSETCATALOG_COMPILER_GLOBAL_ACCENT_COLOR_NAME = AccentColor;
				CODE_SIGN_STYLE = Automatic;
				CURRENT_PROJECT_VERSION = 1;
				DEVELOPMENT_TEAM = 4T6M5D64Z8;
				GENERATE_INFOPLIST_FILE = YES;
				INFOPLIST_KEY_UIApplicationSupportsIndirectInputEvents = YES;
				INFOPLIST_KEY_UILaunchStoryboardName = LaunchScreen;
				INFOPLIST_KEY_UIMainStoryboardFile = Main;
				INFOPLIST_KEY_UIRequiresFullScreen = YES;
				INFOPLIST_KEY_UIStatusBarHidden = YES;
				INFOPLIST_KEY_UIStatusBarStyle = "";
				INFOPLIST_KEY_UISupportedInterfaceOrientations = UIInterfaceOrientationPortrait;
				LD_RUNPATH_SEARCH_PATHS = (
					"$(inherited)",
					"@executable_path/Frameworks",
				);
				MARKETING_VERSION = 1.0;
				PRODUCT_BUNDLE_IDENTIFIER = com.soaringman.WarFly;
				PRODUCT_NAME = "$(TARGET_NAME)";
				SWIFT_EMIT_LOC_STRINGS = YES;
				SWIFT_VERSION = 5.0;
				TARGETED_DEVICE_FAMILY = "1,2";
			};
			name = Release;
		};
/* End XCBuildConfiguration section */

/* Begin XCConfigurationList section */
		F05448DC2C2DAFA4003950CD /* Build configuration list for PBXProject "WarFly" */ = {
			isa = XCConfigurationList;
			buildConfigurations = (
				F05448F62C2DAFA5003950CD /* Debug */,
				F05448F72C2DAFA5003950CD /* Release */,
			);
			defaultConfigurationIsVisible = 0;
			defaultConfigurationName = Release;
		};
		F05448F82C2DAFA5003950CD /* Build configuration list for PBXNativeTarget "WarFly" */ = {
			isa = XCConfigurationList;
			buildConfigurations = (
				F05448F92C2DAFA5003950CD /* Debug */,
				F05448FA2C2DAFA5003950CD /* Release */,
			);
			defaultConfigurationIsVisible = 0;
			defaultConfigurationName = Release;
		};
/* End XCConfigurationList section */
	};
	rootObject = F05448D92C2DAFA4003950CD /* Project object */;
}
